// !$*UTF8*$!
{
	archiveVersion = 1;
	classes = {
	};
	objectVersion = 50;
	objects = {

/* Begin PBXBuildFile section */
		C0FC4CB920AA94DC0060CC67 /* AppDelegate.swift in Sources */ = {isa = PBXBuildFile; fileRef = C0FC4CB820AA94DC0060CC67 /* AppDelegate.swift */; };
		C0FC4CBB20AA94DC0060CC67 /* ViewController.swift in Sources */ = {isa = PBXBuildFile; fileRef = C0FC4CBA20AA94DC0060CC67 /* ViewController.swift */; };
		C0FC4CBD20AA94DE0060CC67 /* Assets.xcassets in Resources */ = {isa = PBXBuildFile; fileRef = C0FC4CBC20AA94DE0060CC67 /* Assets.xcassets */; };
		C0FC4CC020AA94DE0060CC67 /* Main.storyboard in Resources */ = {isa = PBXBuildFile; fileRef = C0FC4CBE20AA94DE0060CC67 /* Main.storyboard */; };
		C0FC4CCC20AA94DE0060CC67 /* monaTests.swift in Sources */ = {isa = PBXBuildFile; fileRef = C0FC4CCB20AA94DE0060CC67 /* monaTests.swift */; };
		C0FC4CD720AA9B550060CC67 /* castle-castle-fairy-tale-1909.jpg in Resources */ = {isa = PBXBuildFile; fileRef = C0FC4CD620AA9B550060CC67 /* castle-castle-fairy-tale-1909.jpg */; };
		C0FC4CD920AAB14F0060CC67 /* icon.png in Resources */ = {isa = PBXBuildFile; fileRef = C0FC4CD820AAB14F0060CC67 /* icon.png */; };
/* End PBXBuildFile section */

/* Begin PBXContainerItemProxy section */
		C0FC4CC820AA94DE0060CC67 /* PBXContainerItemProxy */ = {
			isa = PBXContainerItemProxy;
			containerPortal = C0FC4CAD20AA94DC0060CC67 /* Project object */;
			proxyType = 1;
			remoteGlobalIDString = C0FC4CB420AA94DC0060CC67;
			remoteInfo = mona;
		};
/* End PBXContainerItemProxy section */

/* Begin PBXFileReference section */
		C0FC4CB520AA94DC0060CC67 /* mona.app */ = {isa = PBXFileReference; explicitFileType = wrapper.application; includeInIndex = 0; path = mona.app; sourceTree = BUILT_PRODUCTS_DIR; };
		C0FC4CB820AA94DC0060CC67 /* AppDelegate.swift */ = {isa = PBXFileReference; lastKnownFileType = sourcecode.swift; path = AppDelegate.swift; sourceTree = "<group>"; };
		C0FC4CBA20AA94DC0060CC67 /* ViewController.swift */ = {isa = PBXFileReference; lastKnownFileType = sourcecode.swift; path = ViewController.swift; sourceTree = "<group>"; };
		C0FC4CBC20AA94DE0060CC67 /* Assets.xcassets */ = {isa = PBXFileReference; lastKnownFileType = folder.assetcatalog; path = Assets.xcassets; sourceTree = "<group>"; };
		C0FC4CBF20AA94DE0060CC67 /* Base */ = {isa = PBXFileReference; lastKnownFileType = file.storyboard; name = Base; path = Base.lproj/Main.storyboard; sourceTree = "<group>"; };
		C0FC4CC120AA94DE0060CC67 /* Info.plist */ = {isa = PBXFileReference; lastKnownFileType = text.plist.xml; path = Info.plist; sourceTree = "<group>"; };
		C0FC4CC220AA94DE0060CC67 /* mona.entitlements */ = {isa = PBXFileReference; lastKnownFileType = text.plist.entitlements; path = mona.entitlements; sourceTree = "<group>"; };
		C0FC4CC720AA94DE0060CC67 /* monaTests.xctest */ = {isa = PBXFileReference; explicitFileType = wrapper.cfbundle; includeInIndex = 0; path = monaTests.xctest; sourceTree = BUILT_PRODUCTS_DIR; };
		C0FC4CCB20AA94DE0060CC67 /* monaTests.swift */ = {isa = PBXFileReference; lastKnownFileType = sourcecode.swift; path = monaTests.swift; sourceTree = "<group>"; };
		C0FC4CCD20AA94DE0060CC67 /* Info.plist */ = {isa = PBXFileReference; lastKnownFileType = text.plist.xml; path = Info.plist; sourceTree = "<group>"; };
		C0FC4CD620AA9B550060CC67 /* castle-castle-fairy-tale-1909.jpg */ = {isa = PBXFileReference; lastKnownFileType = image.jpeg; name = "castle-castle-fairy-tale-1909.jpg"; path = "Assets.xcassets/castle-castle-fairy-tale-1909.jpg"; sourceTree = "<group>"; };
		C0FC4CD820AAB14F0060CC67 /* icon.png */ = {isa = PBXFileReference; lastKnownFileType = image.png; name = icon.png; path = ../../../assets/icon.png; sourceTree = "<group>"; };
/* End PBXFileReference section */

/* Begin PBXFrameworksBuildPhase section */
		C0FC4CB220AA94DC0060CC67 /* Frameworks */ = {
			isa = PBXFrameworksBuildPhase;
			buildActionMask = 2147483647;
			files = (
			);
			runOnlyForDeploymentPostprocessing = 0;
		};
		C0FC4CC420AA94DE0060CC67 /* Frameworks */ = {
			isa = PBXFrameworksBuildPhase;
			buildActionMask = 2147483647;
			files = (
			);
			runOnlyForDeploymentPostprocessing = 0;
		};
/* End PBXFrameworksBuildPhase section */

/* Begin PBXGroup section */
		C0FC4CAC20AA94DC0060CC67 = {
			isa = PBXGroup;
			children = (
				C0FC4CB720AA94DC0060CC67 /* mona */,
				C0FC4CCA20AA94DE0060CC67 /* monaTests */,
				C0FC4CB620AA94DC0060CC67 /* Products */,
			);
			sourceTree = "<group>";
		};
		C0FC4CB620AA94DC0060CC67 /* Products */ = {
			isa = PBXGroup;
			children = (
				C0FC4CB520AA94DC0060CC67 /* mona.app */,
				C0FC4CC720AA94DE0060CC67 /* monaTests.xctest */,
			);
			name = Products;
			sourceTree = "<group>";
		};
		C0FC4CB720AA94DC0060CC67 /* mona */ = {
			isa = PBXGroup;
			children = (
				C0FC4CB820AA94DC0060CC67 /* AppDelegate.swift */,
				C0FC4CBA20AA94DC0060CC67 /* ViewController.swift */,
				C0FC4CBC20AA94DE0060CC67 /* Assets.xcassets */,
				C0FC4CD820AAB14F0060CC67 /* icon.png */,
				C0FC4CD620AA9B550060CC67 /* castle-castle-fairy-tale-1909.jpg */,
				C0FC4CBE20AA94DE0060CC67 /* Main.storyboard */,
				C0FC4CC120AA94DE0060CC67 /* Info.plist */,
				C0FC4CC220AA94DE0060CC67 /* mona.entitlements */,
			);
			path = mona;
			sourceTree = "<group>";
		};
		C0FC4CCA20AA94DE0060CC67 /* monaTests */ = {
			isa = PBXGroup;
			children = (
				C0FC4CCB20AA94DE0060CC67 /* monaTests.swift */,
				C0FC4CCD20AA94DE0060CC67 /* Info.plist */,
			);
			path = monaTests;
			sourceTree = "<group>";
		};
/* End PBXGroup section */

/* Begin PBXNativeTarget section */
		C0FC4CB420AA94DC0060CC67 /* mona */ = {
			isa = PBXNativeTarget;
			buildConfigurationList = C0FC4CD020AA94DE0060CC67 /* Build configuration list for PBXNativeTarget "mona" */;
			buildPhases = (
				C0FC4CB120AA94DC0060CC67 /* Sources */,
				C0FC4CB220AA94DC0060CC67 /* Frameworks */,
				C0FC4CB320AA94DC0060CC67 /* Resources */,
			);
			buildRules = (
			);
			dependencies = (
			);
			name = mona;
			productName = mona;
			productReference = C0FC4CB520AA94DC0060CC67 /* mona.app */;
			productType = "com.apple.product-type.application";
		};
		C0FC4CC620AA94DE0060CC67 /* monaTests */ = {
			isa = PBXNativeTarget;
			buildConfigurationList = C0FC4CD320AA94DE0060CC67 /* Build configuration list for PBXNativeTarget "monaTests" */;
			buildPhases = (
				C0FC4CC320AA94DE0060CC67 /* Sources */,
				C0FC4CC420AA94DE0060CC67 /* Frameworks */,
				C0FC4CC520AA94DE0060CC67 /* Resources */,
			);
			buildRules = (
			);
			dependencies = (
				C0FC4CC920AA94DE0060CC67 /* PBXTargetDependency */,
			);
			name = monaTests;
			productName = monaTests;
			productReference = C0FC4CC720AA94DE0060CC67 /* monaTests.xctest */;
			productType = "com.apple.product-type.bundle.unit-test";
		};
/* End PBXNativeTarget section */

/* Begin PBXProject section */
		C0FC4CAD20AA94DC0060CC67 /* Project object */ = {
			isa = PBXProject;
			attributes = {
				LastSwiftUpdateCheck = 0930;
				LastUpgradeCheck = 0930;
				ORGANIZATIONNAME = "David Rusu";
				TargetAttributes = {
					C0FC4CB420AA94DC0060CC67 = {
						CreatedOnToolsVersion = 9.3.1;
					};
					C0FC4CC620AA94DE0060CC67 = {
						CreatedOnToolsVersion = 9.3.1;
						TestTargetID = C0FC4CB420AA94DC0060CC67;
					};
				};
			};
			buildConfigurationList = C0FC4CB020AA94DC0060CC67 /* Build configuration list for PBXProject "mona" */;
			compatibilityVersion = "Xcode 9.3";
			developmentRegion = en;
			hasScannedForEncodings = 0;
			knownRegions = (
				en,
				Base,
			);
			mainGroup = C0FC4CAC20AA94DC0060CC67;
			productRefGroup = C0FC4CB620AA94DC0060CC67 /* Products */;
			projectDirPath = "";
			projectRoot = "";
			targets = (
				C0FC4CB420AA94DC0060CC67 /* mona */,
				C0FC4CC620AA94DE0060CC67 /* monaTests */,
			);
		};
/* End PBXProject section */

/* Begin PBXResourcesBuildPhase section */
		C0FC4CB320AA94DC0060CC67 /* Resources */ = {
			isa = PBXResourcesBuildPhase;
			buildActionMask = 2147483647;
			files = (
				C0FC4CD920AAB14F0060CC67 /* icon.png in Resources */,
				C0FC4CBD20AA94DE0060CC67 /* Assets.xcassets in Resources */,
				C0FC4CC020AA94DE0060CC67 /* Main.storyboard in Resources */,
				C0FC4CD720AA9B550060CC67 /* castle-castle-fairy-tale-1909.jpg in Resources */,
			);
			runOnlyForDeploymentPostprocessing = 0;
		};
		C0FC4CC520AA94DE0060CC67 /* Resources */ = {
			isa = PBXResourcesBuildPhase;
			buildActionMask = 2147483647;
			files = (
			);
			runOnlyForDeploymentPostprocessing = 0;
		};
/* End PBXResourcesBuildPhase section */

/* Begin PBXSourcesBuildPhase section */
		C0FC4CB120AA94DC0060CC67 /* Sources */ = {
			isa = PBXSourcesBuildPhase;
			buildActionMask = 2147483647;
			files = (
				C0FC4CBB20AA94DC0060CC67 /* ViewController.swift in Sources */,
				C0FC4CB920AA94DC0060CC67 /* AppDelegate.swift in Sources */,
			);
			runOnlyForDeploymentPostprocessing = 0;
		};
		C0FC4CC320AA94DE0060CC67 /* Sources */ = {
			isa = PBXSourcesBuildPhase;
			buildActionMask = 2147483647;
			files = (
				C0FC4CCC20AA94DE0060CC67 /* monaTests.swift in Sources */,
			);
			runOnlyForDeploymentPostprocessing = 0;
		};
/* End PBXSourcesBuildPhase section */

/* Begin PBXTargetDependency section */
		C0FC4CC920AA94DE0060CC67 /* PBXTargetDependency */ = {
			isa = PBXTargetDependency;
			target = C0FC4CB420AA94DC0060CC67 /* mona */;
			targetProxy = C0FC4CC820AA94DE0060CC67 /* PBXContainerItemProxy */;
		};
/* End PBXTargetDependency section */

/* Begin PBXVariantGroup section */
		C0FC4CBE20AA94DE0060CC67 /* Main.storyboard */ = {
			isa = PBXVariantGroup;
			children = (
				C0FC4CBF20AA94DE0060CC67 /* Base */,
			);
			name = Main.storyboard;
			sourceTree = "<group>";
		};
/* End PBXVariantGroup section */

/* Begin XCBuildConfiguration section */
		C0FC4CCE20AA94DE0060CC67 /* Debug */ = {
			isa = XCBuildConfiguration;
			buildSettings = {
				ALWAYS_SEARCH_USER_PATHS = NO;
				CLANG_ANALYZER_NONNULL = YES;
				CLANG_ANALYZER_NUMBER_OBJECT_CONVERSION = YES_AGGRESSIVE;
				CLANG_CXX_LANGUAGE_STANDARD = "gnu++14";
				CLANG_CXX_LIBRARY = "libc++";
				CLANG_ENABLE_MODULES = YES;
				CLANG_ENABLE_OBJC_ARC = YES;
				CLANG_ENABLE_OBJC_WEAK = YES;
				CLANG_WARN_BLOCK_CAPTURE_AUTORELEASING = YES;
				CLANG_WARN_BOOL_CONVERSION = YES;
				CLANG_WARN_COMMA = YES;
				CLANG_WARN_CONSTANT_CONVERSION = YES;
				CLANG_WARN_DEPRECATED_OBJC_IMPLEMENTATIONS = YES;
				CLANG_WARN_DIRECT_OBJC_ISA_USAGE = YES_ERROR;
				CLANG_WARN_DOCUMENTATION_COMMENTS = YES;
				CLANG_WARN_EMPTY_BODY = YES;
				CLANG_WARN_ENUM_CONVERSION = YES;
				CLANG_WARN_INFINITE_RECURSION = YES;
				CLANG_WARN_INT_CONVERSION = YES;
				CLANG_WARN_NON_LITERAL_NULL_CONVERSION = YES;
				CLANG_WARN_OBJC_IMPLICIT_RETAIN_SELF = YES;
				CLANG_WARN_OBJC_LITERAL_CONVERSION = YES;
				CLANG_WARN_OBJC_ROOT_CLASS = YES_ERROR;
				CLANG_WARN_RANGE_LOOP_ANALYSIS = YES;
				CLANG_WARN_STRICT_PROTOTYPES = YES;
				CLANG_WARN_SUSPICIOUS_MOVE = YES;
				CLANG_WARN_UNGUARDED_AVAILABILITY = YES_AGGRESSIVE;
				CLANG_WARN_UNREACHABLE_CODE = YES;
				CLANG_WARN__DUPLICATE_METHOD_MATCH = YES;
				CODE_SIGN_IDENTITY = "Mac Developer";
				COPY_PHASE_STRIP = NO;
				DEBUG_INFORMATION_FORMAT = dwarf;
				ENABLE_STRICT_OBJC_MSGSEND = YES;
				ENABLE_TESTABILITY = YES;
				GCC_C_LANGUAGE_STANDARD = gnu11;
				GCC_DYNAMIC_NO_PIC = NO;
				GCC_NO_COMMON_BLOCKS = YES;
				GCC_OPTIMIZATION_LEVEL = 0;
				GCC_PREPROCESSOR_DEFINITIONS = (
					"DEBUG=1",
					"$(inherited)",
				);
				GCC_WARN_64_TO_32_BIT_CONVERSION = YES;
				GCC_WARN_ABOUT_RETURN_TYPE = YES_ERROR;
				GCC_WARN_UNDECLARED_SELECTOR = YES;
				GCC_WARN_UNINITIALIZED_AUTOS = YES_AGGRESSIVE;
				GCC_WARN_UNUSED_FUNCTION = YES;
				GCC_WARN_UNUSED_VARIABLE = YES;
				MACOSX_DEPLOYMENT_TARGET = 10.13;
				MTL_ENABLE_DEBUG_INFO = YES;
				ONLY_ACTIVE_ARCH = YES;
				SDKROOT = macosx;
				SWIFT_ACTIVE_COMPILATION_CONDITIONS = DEBUG;
				SWIFT_OPTIMIZATION_LEVEL = "-Onone";
			};
			name = Debug;
		};
		C0FC4CCF20AA94DE0060CC67 /* Release */ = {
			isa = XCBuildConfiguration;
			buildSettings = {
				ALWAYS_SEARCH_USER_PATHS = NO;
				CLANG_ANALYZER_NONNULL = YES;
				CLANG_ANALYZER_NUMBER_OBJECT_CONVERSION = YES_AGGRESSIVE;
				CLANG_CXX_LANGUAGE_STANDARD = "gnu++14";
				CLANG_CXX_LIBRARY = "libc++";
				CLANG_ENABLE_MODULES = YES;
				CLANG_ENABLE_OBJC_ARC = YES;
				CLANG_ENABLE_OBJC_WEAK = YES;
				CLANG_WARN_BLOCK_CAPTURE_AUTORELEASING = YES;
				CLANG_WARN_BOOL_CONVERSION = YES;
				CLANG_WARN_COMMA = YES;
				CLANG_WARN_CONSTANT_CONVERSION = YES;
				CLANG_WARN_DEPRECATED_OBJC_IMPLEMENTATIONS = YES;
				CLANG_WARN_DIRECT_OBJC_ISA_USAGE = YES_ERROR;
				CLANG_WARN_DOCUMENTATION_COMMENTS = YES;
				CLANG_WARN_EMPTY_BODY = YES;
				CLANG_WARN_ENUM_CONVERSION = YES;
				CLANG_WARN_INFINITE_RECURSION = YES;
				CLANG_WARN_INT_CONVERSION = YES;
				CLANG_WARN_NON_LITERAL_NULL_CONVERSION = YES;
				CLANG_WARN_OBJC_IMPLICIT_RETAIN_SELF = YES;
				CLANG_WARN_OBJC_LITERAL_CONVERSION = YES;
				CLANG_WARN_OBJC_ROOT_CLASS = YES_ERROR;
				CLANG_WARN_RANGE_LOOP_ANALYSIS = YES;
				CLANG_WARN_STRICT_PROTOTYPES = YES;
				CLANG_WARN_SUSPICIOUS_MOVE = YES;
				CLANG_WARN_UNGUARDED_AVAILABILITY = YES_AGGRESSIVE;
				CLANG_WARN_UNREACHABLE_CODE = YES;
				CLANG_WARN__DUPLICATE_METHOD_MATCH = YES;
				CODE_SIGN_IDENTITY = "Mac Developer";
				COPY_PHASE_STRIP = NO;
				DEBUG_INFORMATION_FORMAT = "dwarf-with-dsym";
				ENABLE_NS_ASSERTIONS = NO;
				ENABLE_STRICT_OBJC_MSGSEND = YES;
				GCC_C_LANGUAGE_STANDARD = gnu11;
				GCC_NO_COMMON_BLOCKS = YES;
				GCC_WARN_64_TO_32_BIT_CONVERSION = YES;
				GCC_WARN_ABOUT_RETURN_TYPE = YES_ERROR;
				GCC_WARN_UNDECLARED_SELECTOR = YES;
				GCC_WARN_UNINITIALIZED_AUTOS = YES_AGGRESSIVE;
				GCC_WARN_UNUSED_FUNCTION = YES;
				GCC_WARN_UNUSED_VARIABLE = YES;
				MACOSX_DEPLOYMENT_TARGET = 10.13;
				MTL_ENABLE_DEBUG_INFO = NO;
				SDKROOT = macosx;
				SWIFT_COMPILATION_MODE = wholemodule;
				SWIFT_OPTIMIZATION_LEVEL = "-O";
			};
			name = Release;
		};
		C0FC4CD120AA94DE0060CC67 /* Debug */ = {
			isa = XCBuildConfiguration;
			buildSettings = {
				ASSETCATALOG_COMPILER_APPICON_NAME = AppIcon;
				CODE_SIGN_ENTITLEMENTS = mona/mona.entitlements;
				CODE_SIGN_STYLE = Automatic;
				COMBINE_HIDPI_IMAGES = YES;
				DEVELOPMENT_TEAM = LSM6JTWMAC;
				INFOPLIST_FILE = mona/Info.plist;
				LD_RUNPATH_SEARCH_PATHS = (
					"$(inherited)",
					"@executable_path/../Frameworks",
				);
				PRODUCT_BUNDLE_IDENTIFIER = gitdb.mona;
				PRODUCT_NAME = "$(TARGET_NAME)";
				SWIFT_VERSION = 4.0;
			};
			name = Debug;
		};
		C0FC4CD220AA94DE0060CC67 /* Release */ = {
			isa = XCBuildConfiguration;
			buildSettings = {
				ASSETCATALOG_COMPILER_APPICON_NAME = AppIcon;
				CODE_SIGN_ENTITLEMENTS = mona/mona.entitlements;
				CODE_SIGN_STYLE = Automatic;
				COMBINE_HIDPI_IMAGES = YES;
				DEVELOPMENT_TEAM = LSM6JTWMAC;
				INFOPLIST_FILE = mona/Info.plist;
				LD_RUNPATH_SEARCH_PATHS = (
					"$(inherited)",
					"@executable_path/../Frameworks",
				);
				PRODUCT_BUNDLE_IDENTIFIER = gitdb.mona;
				PRODUCT_NAME = "$(TARGET_NAME)";
				SWIFT_VERSION = 4.0;
			};
			name = Release;
		};
		C0FC4CD420AA94DE0060CC67 /* Debug */ = {
			isa = XCBuildConfiguration;
			buildSettings = {
				ALWAYS_EMBED_SWIFT_STANDARD_LIBRARIES = YES;
				BUNDLE_LOADER = "$(TEST_HOST)";
				CODE_SIGN_STYLE = Automatic;
				COMBINE_HIDPI_IMAGES = YES;
				DEVELOPMENT_TEAM = LSM6JTWMAC;
				INFOPLIST_FILE = monaTests/Info.plist;
				LD_RUNPATH_SEARCH_PATHS = (
					"$(inherited)",
					"@executable_path/../Frameworks",
					"@loader_path/../Frameworks",
				);
				PRODUCT_BUNDLE_IDENTIFIER = gitdb.monaTests;
				PRODUCT_NAME = "$(TARGET_NAME)";
				SWIFT_VERSION = 4.0;
				TEST_HOST = "$(BUILT_PRODUCTS_DIR)/mona.app/Contents/MacOS/mona";
			};
			name = Debug;
		};
		C0FC4CD520AA94DE0060CC67 /* Release */ = {
			isa = XCBuildConfiguration;
			buildSettings = {
				ALWAYS_EMBED_SWIFT_STANDARD_LIBRARIES = YES;
				BUNDLE_LOADER = "$(TEST_HOST)";
				CODE_SIGN_STYLE = Automatic;
				COMBINE_HIDPI_IMAGES = YES;
				DEVELOPMENT_TEAM = LSM6JTWMAC;
				INFOPLIST_FILE = monaTests/Info.plist;
				LD_RUNPATH_SEARCH_PATHS = (
					"$(inherited)",
					"@executable_path/../Frameworks",
					"@loader_path/../Frameworks",
				);
				PRODUCT_BUNDLE_IDENTIFIER = gitdb.monaTests;
				PRODUCT_NAME = "$(TARGET_NAME)";
				SWIFT_VERSION = 4.0;
				TEST_HOST = "$(BUILT_PRODUCTS_DIR)/mona.app/Contents/MacOS/mona";
			};
			name = Release;
		};
/* End XCBuildConfiguration section */

/* Begin XCConfigurationList section */
		C0FC4CB020AA94DC0060CC67 /* Build configuration list for PBXProject "mona" */ = {
			isa = XCConfigurationList;
			buildConfigurations = (
				C0FC4CCE20AA94DE0060CC67 /* Debug */,
				C0FC4CCF20AA94DE0060CC67 /* Release */,
			);
			defaultConfigurationIsVisible = 0;
			defaultConfigurationName = Release;
		};
		C0FC4CD020AA94DE0060CC67 /* Build configuration list for PBXNativeTarget "mona" */ = {
			isa = XCConfigurationList;
			buildConfigurations = (
				C0FC4CD120AA94DE0060CC67 /* Debug */,
				C0FC4CD220AA94DE0060CC67 /* Release */,
			);
			defaultConfigurationIsVisible = 0;
			defaultConfigurationName = Release;
		};
		C0FC4CD320AA94DE0060CC67 /* Build configuration list for PBXNativeTarget "monaTests" */ = {
			isa = XCConfigurationList;
			buildConfigurations = (
				C0FC4CD420AA94DE0060CC67 /* Debug */,
				C0FC4CD520AA94DE0060CC67 /* Release */,
			);
			defaultConfigurationIsVisible = 0;
			defaultConfigurationName = Release;
		};
/* End XCConfigurationList section */
	};
	rootObject = C0FC4CAD20AA94DC0060CC67 /* Project object */;
}
